{
  "name": "ugentautologin",
  "version": "1.2.0",
  "lockfileVersion": 3,
  "requires": true,
  "packages": {
    "": {
      "name": "ugentautologin",
      "version": "1.2.0",
      "license": "GPLV3",
      "dependencies": {
        "ugentautologin": "file:"
      }
    },
    "node_modules/ugentautologin": {
      "resolved": "",
      "link": true
    }
  }
}
